
Microsoft Visual Studio Solution File, Format Version 12.00
# Visual Studio Version 16
VisualStudioVersion = 16.0.31005.135
MinimumVisualStudioVersion = 10.0.40219.1
Project("{FAE04EC0-301F-11D3-BF4B-00C04F79EFBC}") = "MovieAPI", "MovieAPI\MovieAPI.csproj", "{38D0F2FA-8A5A-48ED-B7D5-FAEBF2EC2F26}"
EndProject
Global
	GlobalSection(SolutionConfigurationPlatforms) = preSolution
		Debug|Any CPU = Debug|Any CPU
		Release|Any CPU = Release|Any CPU
	EndGlobalSection
	GlobalSection(ProjectConfigurationPlatforms) = postSolution
		{38D0F2FA-8A5A-48ED-B7D5-FAEBF2EC2F26}.Debug|Any CPU.ActiveCfg = Debug|Any CPU
		{38D0F2FA-8A5A-48ED-B7D5-FAEBF2EC2F26}.Debug|Any CPU.Build.0 = Debug|Any CPU
		{38D0F2FA-8A5A-48ED-B7D5-FAEBF2EC2F26}.Release|Any CPU.ActiveCfg = Release|Any CPU
		{38D0F2FA-8A5A-48ED-B7D5-FAEBF2EC2F26}.Release|Any CPU.Build.0 = Release|Any CPU
	EndGlobalSection
	GlobalSection(SolutionProperties) = preSolution
		HideSolutionNode = FALSE
	EndGlobalSection
	GlobalSection(ExtensibilityGlobals) = postSolution
		SolutionGuid = {CF359C56-8604-41A4-A944-8D22E458C0DC}
	EndGlobalSection
EndGlobal
